// !$*UTF8*$!
{
	archiveVersion = 1;
	classes = {
	};
	objectVersion = 55;
	objects = {

/* Begin PBXBuildFile section */
		7F30B36528347BC5009EB10B /* WebViewController.swift in Sources */ = {isa = PBXBuildFile; fileRef = 7F30B36428347BC5009EB10B /* WebViewController.swift */; };
		7F30B38928349114009EB10B /* UIImageView + Extensions.swift in Sources */ = {isa = PBXBuildFile; fileRef = 7F30B38828349114009EB10B /* UIImageView + Extensions.swift */; };
		7F38B8A7283684B500A29315 /* README.md in Resources */ = {isa = PBXBuildFile; fileRef = 7F38B8A6283684B500A29315 /* README.md */; };
		7F38B8B02837156300A29315 /* APIError.swift in Sources */ = {isa = PBXBuildFile; fileRef = 7F38B8AF2837156300A29315 /* APIError.swift */; };
		7F38B8B2283717C800A29315 /* UIViewController + Extensions.swift in Sources */ = {isa = PBXBuildFile; fileRef = 7F38B8B1283717C800A29315 /* UIViewController + Extensions.swift */; };
		7F38B8B42837327600A29315 /* AppTheme.swift in Sources */ = {isa = PBXBuildFile; fileRef = 7F38B8B32837327600A29315 /* AppTheme.swift */; };
		7F79432228344711007A47B8 /* MovieDetailViewModel.swift in Sources */ = {isa = PBXBuildFile; fileRef = 7F79432128344711007A47B8 /* MovieDetailViewModel.swift */; };
		7FBF523C28301376009E1C30 /* AppDelegate.swift in Sources */ = {isa = PBXBuildFile; fileRef = 7FBF523B28301376009E1C30 /* AppDelegate.swift */; };
		7FBF523E28301376009E1C30 /* SceneDelegate.swift in Sources */ = {isa = PBXBuildFile; fileRef = 7FBF523D28301376009E1C30 /* SceneDelegate.swift */; };
		7FBF524028301376009E1C30 /* MovieListViewController.swift in Sources */ = {isa = PBXBuildFile; fileRef = 7FBF523F28301376009E1C30 /* MovieListViewController.swift */; };
		7FBF524328301376009E1C30 /* Main.storyboard in Resources */ = {isa = PBXBuildFile; fileRef = 7FBF524128301376009E1C30 /* Main.storyboard */; };
		7FBF524528301380009E1C30 /* Assets.xcassets in Resources */ = {isa = PBXBuildFile; fileRef = 7FBF524428301380009E1C30 /* Assets.xcassets */; };
		7FBF524828301380009E1C30 /* LaunchScreen.storyboard in Resources */ = {isa = PBXBuildFile; fileRef = 7FBF524628301380009E1C30 /* LaunchScreen.storyboard */; };
		7FBF52522830175D009E1C30 /* MovieDetailsViewController.swift in Sources */ = {isa = PBXBuildFile; fileRef = 7FBF52502830175D009E1C30 /* MovieDetailsViewController.swift */; };
		7FBF52532830175D009E1C30 /* MovieDetailsViewController.xib in Resources */ = {isa = PBXBuildFile; fileRef = 7FBF52512830175D009E1C30 /* MovieDetailsViewController.xib */; };
		7FBF52562830193A009E1C30 /* MovieList.swift in Sources */ = {isa = PBXBuildFile; fileRef = 7FBF52552830193A009E1C30 /* MovieList.swift */; };
		7FBF525A283019F2009E1C30 /* MovieCollectionViewCell.swift in Sources */ = {isa = PBXBuildFile; fileRef = 7FBF5258283019F2009E1C30 /* MovieCollectionViewCell.swift */; };
		7FBF525B283019F2009E1C30 /* MovieCollectionViewCell.xib in Resources */ = {isa = PBXBuildFile; fileRef = 7FBF5259283019F2009E1C30 /* MovieCollectionViewCell.xib */; };
		7FC0A1D72833769700E121BC /* Genre.swift in Sources */ = {isa = PBXBuildFile; fileRef = 7FC0A1D62833769700E121BC /* Genre.swift */; };
		7FC0A1D9283376B300E121BC /* Language.swift in Sources */ = {isa = PBXBuildFile; fileRef = 7FC0A1D8283376B300E121BC /* Language.swift */; };
		7FC0A1DC28337F1E00E121BC /* MovieInteractor.swift in Sources */ = {isa = PBXBuildFile; fileRef = 7FC0A1DB28337F1E00E121BC /* MovieInteractor.swift */; };
		7FC0A1DE2833809600E121BC /* APIService.swift in Sources */ = {isa = PBXBuildFile; fileRef = 7FC0A1DD2833809600E121BC /* APIService.swift */; };
		7FC0A1E3283381D300E121BC /* MovieListViewModel.swift in Sources */ = {isa = PBXBuildFile; fileRef = 7FC0A1E2283381D300E121BC /* MovieListViewModel.swift */; };
		7FC23A9A2831E5C200DF618C /* ImageTableViewCell.swift in Sources */ = {isa = PBXBuildFile; fileRef = 7FC23A982831E5C200DF618C /* ImageTableViewCell.swift */; };
		7FC23A9B2831E5C200DF618C /* ImageTableViewCell.xib in Resources */ = {isa = PBXBuildFile; fileRef = 7FC23A992831E5C200DF618C /* ImageTableViewCell.xib */; };
		7FC23A9E2831E8EC00DF618C /* SynopsisTableViewCell.swift in Sources */ = {isa = PBXBuildFile; fileRef = 7FC23A9C2831E8EC00DF618C /* SynopsisTableViewCell.swift */; };
		7FC23A9F2831E8EC00DF618C /* SynopsisTableViewCell.xib in Resources */ = {isa = PBXBuildFile; fileRef = 7FC23A9D2831E8EC00DF618C /* SynopsisTableViewCell.xib */; };
		7FC23AA22831F90600DF618C /* MovieInfoTableViewCell.swift in Sources */ = {isa = PBXBuildFile; fileRef = 7FC23AA02831F90600DF618C /* MovieInfoTableViewCell.swift */; };
		7FC23AA32831F90600DF618C /* MovieInfoTableViewCell.xib in Resources */ = {isa = PBXBuildFile; fileRef = 7FC23AA12831F90600DF618C /* MovieInfoTableViewCell.xib */; };
		7FC23AAB28323E9F00DF618C /* BookNowButtonView.xib in Resources */ = {isa = PBXBuildFile; fileRef = 7FC23AAA28323E9F00DF618C /* BookNowButtonView.xib */; };
		7FC23AAD28323ED900DF618C /* BookNowButtonView.swift in Sources */ = {isa = PBXBuildFile; fileRef = 7FC23AAC28323ED900DF618C /* BookNowButtonView.swift */; };
		7FC23AB028323FD400DF618C /* UIView + Extensions.swift in Sources */ = {isa = PBXBuildFile; fileRef = 7FC23AAF28323FD400DF618C /* UIView + Extensions.swift */; };
		7FC8B5842833167800A1D862 /* NetworkManager.swift in Sources */ = {isa = PBXBuildFile; fileRef = 7FC8B5832833167800A1D862 /* NetworkManager.swift */; };
		7FEB3E0B28376C7E003D4713 /* MovieListViewControllerTests.swift in Sources */ = {isa = PBXBuildFile; fileRef = 7FEB3E0A28376C7E003D4713 /* MovieListViewControllerTests.swift */; };
		7FEB3E0D28376E75003D4713 /* TestHelpers.swift in Sources */ = {isa = PBXBuildFile; fileRef = 7FEB3E0C28376E75003D4713 /* TestHelpers.swift */; };
		7FEB3E0F28376F3B003D4713 /* MovieDetailViewControllerTests.swift in Sources */ = {isa = PBXBuildFile; fileRef = 7FEB3E0E28376F3B003D4713 /* MovieDetailViewControllerTests.swift */; };
		7FEB3E1128377B67003D4713 /* MovieInteractorContract.swift in Sources */ = {isa = PBXBuildFile; fileRef = 7FEB3E1028377B67003D4713 /* MovieInteractorContract.swift */; };
		7FEB3E1B28378DB9003D4713 /* NetworkingManagerContract.swift in Sources */ = {isa = PBXBuildFile; fileRef = 7FEB3E1A28378DB9003D4713 /* NetworkingManagerContract.swift */; };
/* End PBXBuildFile section */

/* Begin PBXContainerItemProxy section */
		7FEB3E0528376C04003D4713 /* PBXContainerItemProxy */ = {
			isa = PBXContainerItemProxy;
			containerPortal = 7FBF523028301376009E1C30 /* Project object */;
			proxyType = 1;
			remoteGlobalIDString = 7FBF523728301376009E1C30;
			remoteInfo = "MovieApp-TakeHomeProject";
		};
/* End PBXContainerItemProxy section */

/* Begin PBXFileReference section */
		7F30B36428347BC5009EB10B /* WebViewController.swift */ = {isa = PBXFileReference; lastKnownFileType = sourcecode.swift; path = WebViewController.swift; sourceTree = "<group>"; };
		7F30B38828349114009EB10B /* UIImageView + Extensions.swift */ = {isa = PBXFileReference; lastKnownFileType = sourcecode.swift; path = "UIImageView + Extensions.swift"; sourceTree = "<group>"; };
		7F38B8A6283684B500A29315 /* README.md */ = {isa = PBXFileReference; fileEncoding = 4; lastKnownFileType = net.daringfireball.markdown; path = README.md; sourceTree = "<group>"; };
		7F38B8AF2837156300A29315 /* APIError.swift */ = {isa = PBXFileReference; lastKnownFileType = sourcecode.swift; path = APIError.swift; sourceTree = "<group>"; };
		7F38B8B1283717C800A29315 /* UIViewController + Extensions.swift */ = {isa = PBXFileReference; lastKnownFileType = sourcecode.swift; path = "UIViewController + Extensions.swift"; sourceTree = "<group>"; };
		7F38B8B32837327600A29315 /* AppTheme.swift */ = {isa = PBXFileReference; lastKnownFileType = sourcecode.swift; path = AppTheme.swift; sourceTree = "<group>"; };
		7F79432128344711007A47B8 /* MovieDetailViewModel.swift */ = {isa = PBXFileReference; lastKnownFileType = sourcecode.swift; path = MovieDetailViewModel.swift; sourceTree = "<group>"; };
		7FBF523828301376009E1C30 /* MovieApp-TakeHomeProject.app */ = {isa = PBXFileReference; explicitFileType = wrapper.application; includeInIndex = 0; path = "MovieApp-TakeHomeProject.app"; sourceTree = BUILT_PRODUCTS_DIR; };
		7FBF523B28301376009E1C30 /* AppDelegate.swift */ = {isa = PBXFileReference; lastKnownFileType = sourcecode.swift; path = AppDelegate.swift; sourceTree = "<group>"; };
		7FBF523D28301376009E1C30 /* SceneDelegate.swift */ = {isa = PBXFileReference; lastKnownFileType = sourcecode.swift; path = SceneDelegate.swift; sourceTree = "<group>"; };
		7FBF523F28301376009E1C30 /* MovieListViewController.swift */ = {isa = PBXFileReference; lastKnownFileType = sourcecode.swift; path = MovieListViewController.swift; sourceTree = "<group>"; };
		7FBF524228301376009E1C30 /* Base */ = {isa = PBXFileReference; lastKnownFileType = file.storyboard; name = Base; path = Base.lproj/Main.storyboard; sourceTree = "<group>"; };
		7FBF524428301380009E1C30 /* Assets.xcassets */ = {isa = PBXFileReference; lastKnownFileType = folder.assetcatalog; path = Assets.xcassets; sourceTree = "<group>"; };
		7FBF524728301380009E1C30 /* Base */ = {isa = PBXFileReference; lastKnownFileType = file.storyboard; name = Base; path = Base.lproj/LaunchScreen.storyboard; sourceTree = "<group>"; };
		7FBF524928301380009E1C30 /* Info.plist */ = {isa = PBXFileReference; lastKnownFileType = text.plist.xml; path = Info.plist; sourceTree = "<group>"; };
		7FBF52502830175D009E1C30 /* MovieDetailsViewController.swift */ = {isa = PBXFileReference; lastKnownFileType = sourcecode.swift; path = MovieDetailsViewController.swift; sourceTree = "<group>"; };
		7FBF52512830175D009E1C30 /* MovieDetailsViewController.xib */ = {isa = PBXFileReference; lastKnownFileType = file.xib; path = MovieDetailsViewController.xib; sourceTree = "<group>"; };
		7FBF52552830193A009E1C30 /* MovieList.swift */ = {isa = PBXFileReference; lastKnownFileType = sourcecode.swift; path = MovieList.swift; sourceTree = "<group>"; };
		7FBF5258283019F2009E1C30 /* MovieCollectionViewCell.swift */ = {isa = PBXFileReference; lastKnownFileType = sourcecode.swift; path = MovieCollectionViewCell.swift; sourceTree = "<group>"; };
		7FBF5259283019F2009E1C30 /* MovieCollectionViewCell.xib */ = {isa = PBXFileReference; lastKnownFileType = file.xib; path = MovieCollectionViewCell.xib; sourceTree = "<group>"; };
		7FC0A1D62833769700E121BC /* Genre.swift */ = {isa = PBXFileReference; lastKnownFileType = sourcecode.swift; path = Genre.swift; sourceTree = "<group>"; };
		7FC0A1D8283376B300E121BC /* Language.swift */ = {isa = PBXFileReference; lastKnownFileType = sourcecode.swift; path = Language.swift; sourceTree = "<group>"; };
		7FC0A1DB28337F1E00E121BC /* MovieInteractor.swift */ = {isa = PBXFileReference; lastKnownFileType = sourcecode.swift; path = MovieInteractor.swift; sourceTree = "<group>"; };
		7FC0A1DD2833809600E121BC /* APIService.swift */ = {isa = PBXFileReference; lastKnownFileType = sourcecode.swift; path = APIService.swift; sourceTree = "<group>"; };
		7FC0A1E2283381D300E121BC /* MovieListViewModel.swift */ = {isa = PBXFileReference; lastKnownFileType = sourcecode.swift; path = MovieListViewModel.swift; sourceTree = "<group>"; };
		7FC23A982831E5C200DF618C /* ImageTableViewCell.swift */ = {isa = PBXFileReference; lastKnownFileType = sourcecode.swift; path = ImageTableViewCell.swift; sourceTree = "<group>"; };
		7FC23A992831E5C200DF618C /* ImageTableViewCell.xib */ = {isa = PBXFileReference; lastKnownFileType = file.xib; path = ImageTableViewCell.xib; sourceTree = "<group>"; };
		7FC23A9C2831E8EC00DF618C /* SynopsisTableViewCell.swift */ = {isa = PBXFileReference; lastKnownFileType = sourcecode.swift; path = SynopsisTableViewCell.swift; sourceTree = "<group>"; };
		7FC23A9D2831E8EC00DF618C /* SynopsisTableViewCell.xib */ = {isa = PBXFileReference; lastKnownFileType = file.xib; path = SynopsisTableViewCell.xib; sourceTree = "<group>"; };
		7FC23AA02831F90600DF618C /* MovieInfoTableViewCell.swift */ = {isa = PBXFileReference; lastKnownFileType = sourcecode.swift; path = MovieInfoTableViewCell.swift; sourceTree = "<group>"; };
		7FC23AA12831F90600DF618C /* MovieInfoTableViewCell.xib */ = {isa = PBXFileReference; lastKnownFileType = file.xib; path = MovieInfoTableViewCell.xib; sourceTree = "<group>"; };
		7FC23AAA28323E9F00DF618C /* BookNowButtonView.xib */ = {isa = PBXFileReference; lastKnownFileType = file.xib; path = BookNowButtonView.xib; sourceTree = "<group>"; };
		7FC23AAC28323ED900DF618C /* BookNowButtonView.swift */ = {isa = PBXFileReference; lastKnownFileType = sourcecode.swift; path = BookNowButtonView.swift; sourceTree = "<group>"; };
		7FC23AAF28323FD400DF618C /* UIView + Extensions.swift */ = {isa = PBXFileReference; lastKnownFileType = sourcecode.swift; path = "UIView + Extensions.swift"; sourceTree = "<group>"; };
		7FC8B5832833167800A1D862 /* NetworkManager.swift */ = {isa = PBXFileReference; lastKnownFileType = sourcecode.swift; path = NetworkManager.swift; sourceTree = "<group>"; };
		7FEB3E0128376C04003D4713 /* MovieApp-TakeHomeProjectTests.xctest */ = {isa = PBXFileReference; explicitFileType = wrapper.cfbundle; includeInIndex = 0; path = "MovieApp-TakeHomeProjectTests.xctest"; sourceTree = BUILT_PRODUCTS_DIR; };
		7FEB3E0A28376C7E003D4713 /* MovieListViewControllerTests.swift */ = {isa = PBXFileReference; lastKnownFileType = sourcecode.swift; path = MovieListViewControllerTests.swift; sourceTree = "<group>"; };
		7FEB3E0C28376E75003D4713 /* TestHelpers.swift */ = {isa = PBXFileReference; lastKnownFileType = sourcecode.swift; path = TestHelpers.swift; sourceTree = "<group>"; };
		7FEB3E0E28376F3B003D4713 /* MovieDetailViewControllerTests.swift */ = {isa = PBXFileReference; lastKnownFileType = sourcecode.swift; path = MovieDetailViewControllerTests.swift; sourceTree = "<group>"; };
		7FEB3E1028377B67003D4713 /* MovieInteractorContract.swift */ = {isa = PBXFileReference; lastKnownFileType = sourcecode.swift; path = MovieInteractorContract.swift; sourceTree = "<group>"; };
		7FEB3E1A28378DB9003D4713 /* NetworkingManagerContract.swift */ = {isa = PBXFileReference; lastKnownFileType = sourcecode.swift; path = NetworkingManagerContract.swift; sourceTree = "<group>"; };
/* End PBXFileReference section */

/* Begin PBXFrameworksBuildPhase section */
		7FBF523528301376009E1C30 /* Frameworks */ = {
			isa = PBXFrameworksBuildPhase;
			buildActionMask = 2147483647;
			files = (
			);
			runOnlyForDeploymentPostprocessing = 0;
		};
		7FEB3DFE28376C04003D4713 /* Frameworks */ = {
			isa = PBXFrameworksBuildPhase;
			buildActionMask = 2147483647;
			files = (
			);
			runOnlyForDeploymentPostprocessing = 0;
		};
/* End PBXFrameworksBuildPhase section */

/* Begin PBXGroup section */
		7F30B3862834823D009EB10B /* Shared */ = {
			isa = PBXGroup;
			children = (
				7F30B36428347BC5009EB10B /* WebViewController.swift */,
			);
			path = Shared;
			sourceTree = "<group>";
		};
		7FBF522F28301375009E1C30 = {
			isa = PBXGroup;
			children = (
				7F38B8A6283684B500A29315 /* README.md */,
				7FBF523A28301376009E1C30 /* MovieApp-TakeHomeProject */,
				7FEB3E0228376C04003D4713 /* MovieApp-TakeHomeProjectTests */,
				7FBF523928301376009E1C30 /* Products */,
			);
			sourceTree = "<group>";
		};
		7FBF523928301376009E1C30 /* Products */ = {
			isa = PBXGroup;
			children = (
				7FBF523828301376009E1C30 /* MovieApp-TakeHomeProject.app */,
				7FEB3E0128376C04003D4713 /* MovieApp-TakeHomeProjectTests.xctest */,
			);
			name = Products;
			sourceTree = "<group>";
		};
		7FBF523A28301376009E1C30 /* MovieApp-TakeHomeProject */ = {
			isa = PBXGroup;
			children = (
				7FBF523B28301376009E1C30 /* AppDelegate.swift */,
				7FBF523D28301376009E1C30 /* SceneDelegate.swift */,
				7F38B8B32837327600A29315 /* AppTheme.swift */,
				7FBF52542830191E009E1C30 /* Model */,
				7FBF524F2830144C009E1C30 /* ViewController */,
				7FC0A1E12833817900E121BC /* ViewModel */,
				7FC8B5822833166900A1D862 /* Networking */,
				7FC0A1E02833816900E121BC /* UI */,
				7F30B3862834823D009EB10B /* Shared */,
				7FC23AAE28323FC500DF618C /* Extensions */,
				7FBF524428301380009E1C30 /* Assets.xcassets */,
				7FBF524628301380009E1C30 /* LaunchScreen.storyboard */,
				7FBF524928301380009E1C30 /* Info.plist */,
			);
			path = "MovieApp-TakeHomeProject";
			sourceTree = "<group>";
		};
		7FBF524F2830144C009E1C30 /* ViewController */ = {
			isa = PBXGroup;
			children = (
				7FBF524128301376009E1C30 /* Main.storyboard */,
				7FBF523F28301376009E1C30 /* MovieListViewController.swift */,
				7FBF52512830175D009E1C30 /* MovieDetailsViewController.xib */,
				7FBF52502830175D009E1C30 /* MovieDetailsViewController.swift */,
			);
			path = ViewController;
			sourceTree = "<group>";
		};
		7FBF52542830191E009E1C30 /* Model */ = {
			isa = PBXGroup;
			children = (
				7FBF52552830193A009E1C30 /* MovieList.swift */,
				7FC0A1D62833769700E121BC /* Genre.swift */,
				7FC0A1D8283376B300E121BC /* Language.swift */,
			);
			path = Model;
			sourceTree = "<group>";
		};
		7FBF5257283019CB009E1C30 /* CollectionCell */ = {
			isa = PBXGroup;
			children = (
				7FBF5258283019F2009E1C30 /* MovieCollectionViewCell.swift */,
				7FBF5259283019F2009E1C30 /* MovieCollectionViewCell.xib */,
			);
			path = CollectionCell;
			sourceTree = "<group>";
		};
		7FC0A1DA28337F0B00E121BC /* Interactor */ = {
			isa = PBXGroup;
			children = (
				7FC0A1DB28337F1E00E121BC /* MovieInteractor.swift */,
				7FEB3E1028377B67003D4713 /* MovieInteractorContract.swift */,
			);
			path = Interactor;
			sourceTree = "<group>";
		};
		7FC0A1E02833816900E121BC /* UI */ = {
			isa = PBXGroup;
			children = (
				7FBF5257283019CB009E1C30 /* CollectionCell */,
				7FC23AA928323E7A00DF618C /* Custom */,
				7FC23A972831E58600DF618C /* TableCell */,
			);
			path = UI;
			sourceTree = "<group>";
		};
		7FC0A1E12833817900E121BC /* ViewModel */ = {
			isa = PBXGroup;
			children = (
				7FC0A1E2283381D300E121BC /* MovieListViewModel.swift */,
				7F79432128344711007A47B8 /* MovieDetailViewModel.swift */,
			);
			path = ViewModel;
			sourceTree = "<group>";
		};
		7FC23A972831E58600DF618C /* TableCell */ = {
			isa = PBXGroup;
			children = (
				7FC23A982831E5C200DF618C /* ImageTableViewCell.swift */,
				7FC23A992831E5C200DF618C /* ImageTableViewCell.xib */,
				7FC23AA02831F90600DF618C /* MovieInfoTableViewCell.swift */,
				7FC23AA12831F90600DF618C /* MovieInfoTableViewCell.xib */,
				7FC23A9C2831E8EC00DF618C /* SynopsisTableViewCell.swift */,
				7FC23A9D2831E8EC00DF618C /* SynopsisTableViewCell.xib */,
			);
			path = TableCell;
			sourceTree = "<group>";
		};
		7FC23AA928323E7A00DF618C /* Custom */ = {
			isa = PBXGroup;
			children = (
				7FC23AAA28323E9F00DF618C /* BookNowButtonView.xib */,
				7FC23AAC28323ED900DF618C /* BookNowButtonView.swift */,
			);
			path = Custom;
			sourceTree = "<group>";
		};
		7FC23AAE28323FC500DF618C /* Extensions */ = {
			isa = PBXGroup;
			children = (
				7F30B38828349114009EB10B /* UIImageView + Extensions.swift */,
				7FC23AAF28323FD400DF618C /* UIView + Extensions.swift */,
				7F38B8B1283717C800A29315 /* UIViewController + Extensions.swift */,
			);
			path = Extensions;
			sourceTree = "<group>";
		};
		7FC8B5822833166900A1D862 /* Networking */ = {
			isa = PBXGroup;
			children = (
				7F38B8AF2837156300A29315 /* APIError.swift */,
				7FC0A1DD2833809600E121BC /* APIService.swift */,
				7FC0A1DA28337F0B00E121BC /* Interactor */,
				7FEB3E1A28378DB9003D4713 /* NetworkingManagerContract.swift */,
				7FC8B5832833167800A1D862 /* NetworkManager.swift */,
			);
			path = Networking;
			sourceTree = "<group>";
		};
		7FEB3E0228376C04003D4713 /* MovieApp-TakeHomeProjectTests */ = {
			isa = PBXGroup;
			children = (
				7FEB3E0E28376F3B003D4713 /* MovieDetailViewControllerTests.swift */,
				7FEB3E0A28376C7E003D4713 /* MovieListViewControllerTests.swift */,
				7FEB3E0C28376E75003D4713 /* TestHelpers.swift */,
			);
			path = "MovieApp-TakeHomeProjectTests";
			sourceTree = "<group>";
		};
/* End PBXGroup section */

/* Begin PBXNativeTarget section */
		7FBF523728301376009E1C30 /* MovieApp-TakeHomeProject */ = {
			isa = PBXNativeTarget;
			buildConfigurationList = 7FBF524C28301380009E1C30 /* Build configuration list for PBXNativeTarget "MovieApp-TakeHomeProject" */;
			buildPhases = (
				7FBF523428301376009E1C30 /* Sources */,
				7FBF523528301376009E1C30 /* Frameworks */,
				7FBF523628301376009E1C30 /* Resources */,
			);
			buildRules = (
			);
			dependencies = (
			);
			name = "MovieApp-TakeHomeProject";
			packageProductDependencies = (
			);
			productName = "MovieApp-TakeHomeProject";
			productReference = 7FBF523828301376009E1C30 /* MovieApp-TakeHomeProject.app */;
			productType = "com.apple.product-type.application";
		};
		7FEB3E0028376C04003D4713 /* MovieApp-TakeHomeProjectTests */ = {
			isa = PBXNativeTarget;
			buildConfigurationList = 7FEB3E0928376C04003D4713 /* Build configuration list for PBXNativeTarget "MovieApp-TakeHomeProjectTests" */;
			buildPhases = (
				7FEB3DFD28376C04003D4713 /* Sources */,
				7FEB3DFE28376C04003D4713 /* Frameworks */,
				7FEB3DFF28376C04003D4713 /* Resources */,
			);
			buildRules = (
			);
			dependencies = (
				7FEB3E0628376C04003D4713 /* PBXTargetDependency */,
			);
			name = "MovieApp-TakeHomeProjectTests";
			productName = "MovieApp-TakeHomeProjectTests";
			productReference = 7FEB3E0128376C04003D4713 /* MovieApp-TakeHomeProjectTests.xctest */;
			productType = "com.apple.product-type.bundle.unit-test";
		};
/* End PBXNativeTarget section */

/* Begin PBXProject section */
		7FBF523028301376009E1C30 /* Project object */ = {
			isa = PBXProject;
			attributes = {
				BuildIndependentTargetsInParallel = 1;
				LastSwiftUpdateCheck = 1330;
				LastUpgradeCheck = 1330;
				TargetAttributes = {
					7FBF523728301376009E1C30 = {
						CreatedOnToolsVersion = 13.3.1;
					};
					7FEB3E0028376C04003D4713 = {
						CreatedOnToolsVersion = 13.3.1;
						LastSwiftMigration = 1330;
						TestTargetID = 7FBF523728301376009E1C30;
					};
				};
			};
			buildConfigurationList = 7FBF523328301376009E1C30 /* Build configuration list for PBXProject "MovieApp-TakeHomeProject" */;
			compatibilityVersion = "Xcode 13.0";
			developmentRegion = en;
			hasScannedForEncodings = 0;
			knownRegions = (
				en,
				Base,
			);
			mainGroup = 7FBF522F28301375009E1C30;
			packageReferences = (
			);
			productRefGroup = 7FBF523928301376009E1C30 /* Products */;
			projectDirPath = "";
			projectRoot = "";
			targets = (
				7FBF523728301376009E1C30 /* MovieApp-TakeHomeProject */,
				7FEB3E0028376C04003D4713 /* MovieApp-TakeHomeProjectTests */,
			);
		};
/* End PBXProject section */

/* Begin PBXResourcesBuildPhase section */
		7FBF523628301376009E1C30 /* Resources */ = {
			isa = PBXResourcesBuildPhase;
			buildActionMask = 2147483647;
			files = (
				7FBF525B283019F2009E1C30 /* MovieCollectionViewCell.xib in Resources */,
				7FBF52532830175D009E1C30 /* MovieDetailsViewController.xib in Resources */,
				7F38B8A7283684B500A29315 /* README.md in Resources */,
				7FC23AA32831F90600DF618C /* MovieInfoTableViewCell.xib in Resources */,
				7FBF524828301380009E1C30 /* LaunchScreen.storyboard in Resources */,
				7FC23A9B2831E5C200DF618C /* ImageTableViewCell.xib in Resources */,
				7FBF524528301380009E1C30 /* Assets.xcassets in Resources */,
				7FBF524328301376009E1C30 /* Main.storyboard in Resources */,
				7FC23A9F2831E8EC00DF618C /* SynopsisTableViewCell.xib in Resources */,
				7FC23AAB28323E9F00DF618C /* BookNowButtonView.xib in Resources */,
			);
			runOnlyForDeploymentPostprocessing = 0;
		};
		7FEB3DFF28376C04003D4713 /* Resources */ = {
			isa = PBXResourcesBuildPhase;
			buildActionMask = 2147483647;
			files = (
			);
			runOnlyForDeploymentPostprocessing = 0;
		};
/* End PBXResourcesBuildPhase section */

/* Begin PBXSourcesBuildPhase section */
		7FBF523428301376009E1C30 /* Sources */ = {
			isa = PBXSourcesBuildPhase;
			buildActionMask = 2147483647;
			files = (
				7FC8B5842833167800A1D862 /* NetworkManager.swift in Sources */,
				7F79432228344711007A47B8 /* MovieDetailViewModel.swift in Sources */,
				7FC0A1E3283381D300E121BC /* MovieListViewModel.swift in Sources */,
				7FC23A9A2831E5C200DF618C /* ImageTableViewCell.swift in Sources */,
				7FC23A9E2831E8EC00DF618C /* SynopsisTableViewCell.swift in Sources */,
				7FC0A1D9283376B300E121BC /* Language.swift in Sources */,
				7FC23AAD28323ED900DF618C /* BookNowButtonView.swift in Sources */,
				7F30B36528347BC5009EB10B /* WebViewController.swift in Sources */,
				7FBF52522830175D009E1C30 /* MovieDetailsViewController.swift in Sources */,
				7FBF524028301376009E1C30 /* MovieListViewController.swift in Sources */,
				7FBF523C28301376009E1C30 /* AppDelegate.swift in Sources */,
				7FBF525A283019F2009E1C30 /* MovieCollectionViewCell.swift in Sources */,
				7FC23AB028323FD400DF618C /* UIView + Extensions.swift in Sources */,
				7FC0A1DE2833809600E121BC /* APIService.swift in Sources */,
				7F38B8B2283717C800A29315 /* UIViewController + Extensions.swift in Sources */,
				7F38B8B42837327600A29315 /* AppTheme.swift in Sources */,
				7FC0A1DC28337F1E00E121BC /* MovieInteractor.swift in Sources */,
				7FC0A1D72833769700E121BC /* Genre.swift in Sources */,
				7FBF52562830193A009E1C30 /* MovieList.swift in Sources */,
				7FC23AA22831F90600DF618C /* MovieInfoTableViewCell.swift in Sources */,
				7FEB3E1128377B67003D4713 /* MovieInteractorContract.swift in Sources */,
				7F30B38928349114009EB10B /* UIImageView + Extensions.swift in Sources */,
				7FEB3E1B28378DB9003D4713 /* NetworkingManagerContract.swift in Sources */,
				7FBF523E28301376009E1C30 /* SceneDelegate.swift in Sources */,
				7F38B8B02837156300A29315 /* APIError.swift in Sources */,
			);
			runOnlyForDeploymentPostprocessing = 0;
		};
		7FEB3DFD28376C04003D4713 /* Sources */ = {
			isa = PBXSourcesBuildPhase;
			buildActionMask = 2147483647;
			files = (
				7FEB3E0B28376C7E003D4713 /* MovieListViewControllerTests.swift in Sources */,
				7FEB3E0F28376F3B003D4713 /* MovieDetailViewControllerTests.swift in Sources */,
				7FEB3E0D28376E75003D4713 /* TestHelpers.swift in Sources */,
			);
			runOnlyForDeploymentPostprocessing = 0;
		};
/* End PBXSourcesBuildPhase section */

/* Begin PBXTargetDependency section */
		7FEB3E0628376C04003D4713 /* PBXTargetDependency */ = {
			isa = PBXTargetDependency;
			target = 7FBF523728301376009E1C30 /* MovieApp-TakeHomeProject */;
			targetProxy = 7FEB3E0528376C04003D4713 /* PBXContainerItemProxy */;
		};
/* End PBXTargetDependency section */

/* Begin PBXVariantGroup section */
		7FBF524128301376009E1C30 /* Main.storyboard */ = {
			isa = PBXVariantGroup;
			children = (
				7FBF524228301376009E1C30 /* Base */,
			);
			name = Main.storyboard;
			sourceTree = "<group>";
		};
		7FBF524628301380009E1C30 /* LaunchScreen.storyboard */ = {
			isa = PBXVariantGroup;
			children = (
				7FBF524728301380009E1C30 /* Base */,
			);
			name = LaunchScreen.storyboard;
			sourceTree = "<group>";
		};
/* End PBXVariantGroup section */

/* Begin XCBuildConfiguration section */
		7FBF524A28301380009E1C30 /* Debug */ = {
			isa = XCBuildConfiguration;
			buildSettings = {
				ALWAYS_SEARCH_USER_PATHS = NO;
				CLANG_ANALYZER_NONNULL = YES;
				CLANG_ANALYZER_NUMBER_OBJECT_CONVERSION = YES_AGGRESSIVE;
				CLANG_CXX_LANGUAGE_STANDARD = "gnu++17";
				CLANG_ENABLE_MODULES = YES;
				CLANG_ENABLE_OBJC_ARC = YES;
				CLANG_ENABLE_OBJC_WEAK = YES;
				CLANG_WARN_BLOCK_CAPTURE_AUTORELEASING = YES;
				CLANG_WARN_BOOL_CONVERSION = YES;
				CLANG_WARN_COMMA = YES;
				CLANG_WARN_CONSTANT_CONVERSION = YES;
				CLANG_WARN_DEPRECATED_OBJC_IMPLEMENTATIONS = YES;
				CLANG_WARN_DIRECT_OBJC_ISA_USAGE = YES_ERROR;
				CLANG_WARN_DOCUMENTATION_COMMENTS = YES;
				CLANG_WARN_EMPTY_BODY = YES;
				CLANG_WARN_ENUM_CONVERSION = YES;
				CLANG_WARN_INFINITE_RECURSION = YES;
				CLANG_WARN_INT_CONVERSION = YES;
				CLANG_WARN_NON_LITERAL_NULL_CONVERSION = YES;
				CLANG_WARN_OBJC_IMPLICIT_RETAIN_SELF = YES;
				CLANG_WARN_OBJC_LITERAL_CONVERSION = YES;
				CLANG_WARN_OBJC_ROOT_CLASS = YES_ERROR;
				CLANG_WARN_QUOTED_INCLUDE_IN_FRAMEWORK_HEADER = YES;
				CLANG_WARN_RANGE_LOOP_ANALYSIS = YES;
				CLANG_WARN_STRICT_PROTOTYPES = YES;
				CLANG_WARN_SUSPICIOUS_MOVE = YES;
				CLANG_WARN_UNGUARDED_AVAILABILITY = YES_AGGRESSIVE;
				CLANG_WARN_UNREACHABLE_CODE = YES;
				CLANG_WARN__DUPLICATE_METHOD_MATCH = YES;
				COPY_PHASE_STRIP = NO;
				DEBUG_INFORMATION_FORMAT = dwarf;
				ENABLE_STRICT_OBJC_MSGSEND = YES;
				ENABLE_TESTABILITY = YES;
				GCC_C_LANGUAGE_STANDARD = gnu11;
				GCC_DYNAMIC_NO_PIC = NO;
				GCC_NO_COMMON_BLOCKS = YES;
				GCC_OPTIMIZATION_LEVEL = 0;
				GCC_PREPROCESSOR_DEFINITIONS = (
					"DEBUG=1",
					"$(inherited)",
				);
				GCC_WARN_64_TO_32_BIT_CONVERSION = YES;
				GCC_WARN_ABOUT_RETURN_TYPE = YES_ERROR;
				GCC_WARN_UNDECLARED_SELECTOR = YES;
				GCC_WARN_UNINITIALIZED_AUTOS = YES_AGGRESSIVE;
				GCC_WARN_UNUSED_FUNCTION = YES;
				GCC_WARN_UNUSED_VARIABLE = YES;
				IPHONEOS_DEPLOYMENT_TARGET = 15.0;
				MTL_ENABLE_DEBUG_INFO = INCLUDE_SOURCE;
				MTL_FAST_MATH = YES;
				ONLY_ACTIVE_ARCH = YES;
				SDKROOT = iphoneos;
				SWIFT_ACTIVE_COMPILATION_CONDITIONS = DEBUG;
				SWIFT_OPTIMIZATION_LEVEL = "-Onone";
			};
			name = Debug;
		};
		7FBF524B28301380009E1C30 /* Release */ = {
			isa = XCBuildConfiguration;
			buildSettings = {
				ALWAYS_SEARCH_USER_PATHS = NO;
				CLANG_ANALYZER_NONNULL = YES;
				CLANG_ANALYZER_NUMBER_OBJECT_CONVERSION = YES_AGGRESSIVE;
				CLANG_CXX_LANGUAGE_STANDARD = "gnu++17";
				CLANG_ENABLE_MODULES = YES;
				CLANG_ENABLE_OBJC_ARC = YES;
				CLANG_ENABLE_OBJC_WEAK = YES;
				CLANG_WARN_BLOCK_CAPTURE_AUTORELEASING = YES;
				CLANG_WARN_BOOL_CONVERSION = YES;
				CLANG_WARN_COMMA = YES;
				CLANG_WARN_CONSTANT_CONVERSION = YES;
				CLANG_WARN_DEPRECATED_OBJC_IMPLEMENTATIONS = YES;
				CLANG_WARN_DIRECT_OBJC_ISA_USAGE = YES_ERROR;
				CLANG_WARN_DOCUMENTATION_COMMENTS = YES;
				CLANG_WARN_EMPTY_BODY = YES;
				CLANG_WARN_ENUM_CONVERSION = YES;
				CLANG_WARN_INFINITE_RECURSION = YES;
				CLANG_WARN_INT_CONVERSION = YES;
				CLANG_WARN_NON_LITERAL_NULL_CONVERSION = YES;
				CLANG_WARN_OBJC_IMPLICIT_RETAIN_SELF = YES;
				CLANG_WARN_OBJC_LITERAL_CONVERSION = YES;
				CLANG_WARN_OBJC_ROOT_CLASS = YES_ERROR;
				CLANG_WARN_QUOTED_INCLUDE_IN_FRAMEWORK_HEADER = YES;
				CLANG_WARN_RANGE_LOOP_ANALYSIS = YES;
				CLANG_WARN_STRICT_PROTOTYPES = YES;
				CLANG_WARN_SUSPICIOUS_MOVE = YES;
				CLANG_WARN_UNGUARDED_AVAILABILITY = YES_AGGRESSIVE;
				CLANG_WARN_UNREACHABLE_CODE = YES;
				CLANG_WARN__DUPLICATE_METHOD_MATCH = YES;
				COPY_PHASE_STRIP = NO;
				DEBUG_INFORMATION_FORMAT = "dwarf-with-dsym";
				ENABLE_NS_ASSERTIONS = NO;
				ENABLE_STRICT_OBJC_MSGSEND = YES;
				GCC_C_LANGUAGE_STANDARD = gnu11;
				GCC_NO_COMMON_BLOCKS = YES;
				GCC_WARN_64_TO_32_BIT_CONVERSION = YES;
				GCC_WARN_ABOUT_RETURN_TYPE = YES_ERROR;
				GCC_WARN_UNDECLARED_SELECTOR = YES;
				GCC_WARN_UNINITIALIZED_AUTOS = YES_AGGRESSIVE;
				GCC_WARN_UNUSED_FUNCTION = YES;
				GCC_WARN_UNUSED_VARIABLE = YES;
				IPHONEOS_DEPLOYMENT_TARGET = 15.0;
				MTL_ENABLE_DEBUG_INFO = NO;
				MTL_FAST_MATH = YES;
				SDKROOT = iphoneos;
				SWIFT_COMPILATION_MODE = wholemodule;
				SWIFT_OPTIMIZATION_LEVEL = "-O";
				VALIDATE_PRODUCT = YES;
			};
			name = Release;
		};
		7FBF524D28301380009E1C30 /* Debug */ = {
			isa = XCBuildConfiguration;
			buildSettings = {
				ASSETCATALOG_COMPILER_APPICON_NAME = AppIcon;
				ASSETCATALOG_COMPILER_GLOBAL_ACCENT_COLOR_NAME = AccentColor;
				CODE_SIGN_STYLE = Automatic;
				CURRENT_PROJECT_VERSION = 1;
				DEVELOPMENT_TEAM = "";
				GENERATE_INFOPLIST_FILE = YES;
				INFOPLIST_FILE = "MovieApp-TakeHomeProject/Info.plist";
				INFOPLIST_KEY_UIApplicationSupportsIndirectInputEvents = YES;
				INFOPLIST_KEY_UILaunchStoryboardName = LaunchScreen;
				INFOPLIST_KEY_UIMainStoryboardFile = Main;
				INFOPLIST_KEY_UISupportedInterfaceOrientations_iPad = "UIInterfaceOrientationPortrait UIInterfaceOrientationPortraitUpsideDown UIInterfaceOrientationLandscapeLeft UIInterfaceOrientationLandscapeRight";
				INFOPLIST_KEY_UISupportedInterfaceOrientations_iPhone = "UIInterfaceOrientationPortrait UIInterfaceOrientationLandscapeLeft UIInterfaceOrientationLandscapeRight";
				LD_RUNPATH_SEARCH_PATHS = (
					"$(inherited)",
					"@executable_path/Frameworks",
				);
				MARKETING_VERSION = 1.0;
				PRODUCT_BUNDLE_IDENTIFIER = "com.esikmalazman.MovieApp-TakeHomeProject";
				PRODUCT_NAME = "$(TARGET_NAME)";
				SWIFT_EMIT_LOC_STRINGS = YES;
				SWIFT_VERSION = 5.0;
				TARGETED_DEVICE_FAMILY = "1,2";
			};
			name = Debug;
		};
		7FBF524E28301380009E1C30 /* Release */ = {
			isa = XCBuildConfiguration;
			buildSettings = {
				ASSETCATALOG_COMPILER_APPICON_NAME = AppIcon;
				ASSETCATALOG_COMPILER_GLOBAL_ACCENT_COLOR_NAME = AccentColor;
				CODE_SIGN_STYLE = Automatic;
				CURRENT_PROJECT_VERSION = 1;
				DEVELOPMENT_TEAM = "";
				GENERATE_INFOPLIST_FILE = YES;
				INFOPLIST_FILE = "MovieApp-TakeHomeProject/Info.plist";
				INFOPLIST_KEY_UIApplicationSupportsIndirectInputEvents = YES;
				INFOPLIST_KEY_UILaunchStoryboardName = LaunchScreen;
				INFOPLIST_KEY_UIMainStoryboardFile = Main;
				INFOPLIST_KEY_UISupportedInterfaceOrientations_iPad = "UIInterfaceOrientationPortrait UIInterfaceOrientationPortraitUpsideDown UIInterfaceOrientationLandscapeLeft UIInterfaceOrientationLandscapeRight";
				INFOPLIST_KEY_UISupportedInterfaceOrientations_iPhone = "UIInterfaceOrientationPortrait UIInterfaceOrientationLandscapeLeft UIInterfaceOrientationLandscapeRight";
				LD_RUNPATH_SEARCH_PATHS = (
					"$(inherited)",
					"@executable_path/Frameworks",
				);
				MARKETING_VERSION = 1.0;
				PRODUCT_BUNDLE_IDENTIFIER = "com.esikmalazman.MovieApp-TakeHomeProject";
				PRODUCT_NAME = "$(TARGET_NAME)";
				SWIFT_EMIT_LOC_STRINGS = YES;
				SWIFT_VERSION = 5.0;
				TARGETED_DEVICE_FAMILY = "1,2";
			};
			name = Release;
		};
		7FEB3E0728376C04003D4713 /* Debug */ = {
			isa = XCBuildConfiguration;
			buildSettings = {
				BUNDLE_LOADER = "$(TEST_HOST)";
				CLANG_ENABLE_MODULES = YES;
				CODE_SIGN_STYLE = Automatic;
				CURRENT_PROJECT_VERSION = 1;
				GENERATE_INFOPLIST_FILE = YES;
				IPHONEOS_DEPLOYMENT_TARGET = 15.4;
				LD_RUNPATH_SEARCH_PATHS = (
					"$(inherited)",
					"@executable_path/Frameworks",
					"@loader_path/Frameworks",
				);
				MARKETING_VERSION = 1.0;
				PRODUCT_BUNDLE_IDENTIFIER = "com.esikmalazman.MovieApp-TakeHomeProjectTests";
				PRODUCT_NAME = "$(TARGET_NAME)";
				SWIFT_EMIT_LOC_STRINGS = NO;
				SWIFT_OPTIMIZATION_LEVEL = "-Onone";
				SWIFT_VERSION = 5.0;
				TARGETED_DEVICE_FAMILY = "1,2";
				TEST_HOST = "$(BUILT_PRODUCTS_DIR)/MovieApp-TakeHomeProject.app/MovieApp-TakeHomeProject";
			};
			name = Debug;
		};
		7FEB3E0828376C04003D4713 /* Release */ = {
			isa = XCBuildConfiguration;
			buildSettings = {
				BUNDLE_LOADER = "$(TEST_HOST)";
				CLANG_ENABLE_MODULES = YES;
				CODE_SIGN_STYLE = Automatic;
				CURRENT_PROJECT_VERSION = 1;
				GENERATE_INFOPLIST_FILE = YES;
				IPHONEOS_DEPLOYMENT_TARGET = 15.4;
				LD_RUNPATH_SEARCH_PATHS = (
					"$(inherited)",
					"@executable_path/Frameworks",
					"@loader_path/Frameworks",
				);
				MARKETING_VERSION = 1.0;
				PRODUCT_BUNDLE_IDENTIFIER = "com.esikmalazman.MovieApp-TakeHomeProjectTests";
				PRODUCT_NAME = "$(TARGET_NAME)";
				SWIFT_EMIT_LOC_STRINGS = NO;
				SWIFT_VERSION = 5.0;
				TARGETED_DEVICE_FAMILY = "1,2";
				TEST_HOST = "$(BUILT_PRODUCTS_DIR)/MovieApp-TakeHomeProject.app/MovieApp-TakeHomeProject";
			};
			name = Release;
		};
/* End XCBuildConfiguration section */

/* Begin XCConfigurationList section */
		7FBF523328301376009E1C30 /* Build configuration list for PBXProject "MovieApp-TakeHomeProject" */ = {
			isa = XCConfigurationList;
			buildConfigurations = (
				7FBF524A28301380009E1C30 /* Debug */,
				7FBF524B28301380009E1C30 /* Release */,
			);
			defaultConfigurationIsVisible = 0;
			defaultConfigurationName = Release;
		};
		7FBF524C28301380009E1C30 /* Build configuration list for PBXNativeTarget "MovieApp-TakeHomeProject" */ = {
			isa = XCConfigurationList;
			buildConfigurations = (
				7FBF524D28301380009E1C30 /* Debug */,
				7FBF524E28301380009E1C30 /* Release */,
			);
			defaultConfigurationIsVisible = 0;
			defaultConfigurationName = Release;
		};
		7FEB3E0928376C04003D4713 /* Build configuration list for PBXNativeTarget "MovieApp-TakeHomeProjectTests" */ = {
			isa = XCConfigurationList;
			buildConfigurations = (
				7FEB3E0728376C04003D4713 /* Debug */,
				7FEB3E0828376C04003D4713 /* Release */,
			);
			defaultConfigurationIsVisible = 0;
			defaultConfigurationName = Release;
		};
/* End XCConfigurationList section */
	};
	rootObject = 7FBF523028301376009E1C30 /* Project object */;
}
